Microsoft Visual Studio Solution File, Format Version 12.00
# Visual Studio Version 17
VisualStudioVersion = 17.5.2.0
MinimumVisualStudioVersion = 10.0.40219.1
Project("{FAE04EC0-301F-11D3-BF4B-00C04F79EFBC}") = "Vehicle", "Vehicle\Vehicle.csproj", "{DFEE8D70-D30D-A11D-96D4-A03AAD031193}"
EndProject
Global
	GlobalSection(SolutionConfigurationPlatforms) = preSolution
		Debug|Any CPU = Debug|Any CPU
		Release|Any CPU = Release|Any CPU
	EndGlobalSection
	GlobalSection(ProjectConfigurationPlatforms) = postSolution
		{DFEE8D70-D30D-A11D-96D4-A03AAD031193}.Debug|Any CPU.ActiveCfg = Debug|Any CPU
		{DFEE8D70-D30D-A11D-96D4-A03AAD031193}.Debug|Any CPU.Build.0 = Debug|Any CPU
		{DFEE8D70-D30D-A11D-96D4-A03AAD031193}.Release|Any CPU.ActiveCfg = Release|Any CPU
		{DFEE8D70-D30D-A11D-96D4-A03AAD031193}.Release|Any CPU.Build.0 = Release|Any CPU
	EndGlobalSection
	GlobalSection(SolutionProperties) = preSolution
		HideSolutionNode = FALSE
	EndGlobalSection
	GlobalSection(ExtensibilityGlobals) = postSolution
		SolutionGuid = {8B157C15-8E31-4B6E-9481-4F3DA0953138}
	EndGlobalSection
EndGlobal
