Microsoft Visual Studio Solution File, Format Version 12.00
# Visual Studio Version 17
VisualStudioVersion = 17.5.2.0
MinimumVisualStudioVersion = 10.0.40219.1
Project("{FAE04EC0-301F-11D3-BF4B-00C04F79EFBC}") = "S24Con", "S24Con\S24Con.csproj", "{8E23C37F-E592-9645-110C-5B6BB68B71E9}"
EndProject
Global
	GlobalSection(SolutionConfigurationPlatforms) = preSolution
		Debug|Any CPU = Debug|Any CPU
		Release|Any CPU = Release|Any CPU
	EndGlobalSection
	GlobalSection(ProjectConfigurationPlatforms) = postSolution
		{8E23C37F-E592-9645-110C-5B6BB68B71E9}.Debug|Any CPU.ActiveCfg = Debug|Any CPU
		{8E23C37F-E592-9645-110C-5B6BB68B71E9}.Debug|Any CPU.Build.0 = Debug|Any CPU
		{8E23C37F-E592-9645-110C-5B6BB68B71E9}.Release|Any CPU.ActiveCfg = Release|Any CPU
		{8E23C37F-E592-9645-110C-5B6BB68B71E9}.Release|Any CPU.Build.0 = Release|Any CPU
	EndGlobalSection
	GlobalSection(SolutionProperties) = preSolution
		HideSolutionNode = FALSE
	EndGlobalSection
	GlobalSection(ExtensibilityGlobals) = postSolution
		SolutionGuid = {ADF259DB-ABC3-47AC-924F-E2ED66D71FED}
	EndGlobalSection
EndGlobal
