Microsoft Visual Studio Solution File, Format Version 12.00
# Visual Studio Version 17
VisualStudioVersion = 17.5.2.0
MinimumVisualStudioVersion = 10.0.40219.1
Project("{FAE04EC0-301F-11D3-BF4B-00C04F79EFBC}") = "e_general", "e_general.csproj", "{261EDB37-4911-D1F1-94A4-63B166A6E2FB}"
EndProject
Global
	GlobalSection(SolutionConfigurationPlatforms) = preSolution
		Debug|Any CPU = Debug|Any CPU
		Release|Any CPU = Release|Any CPU
	EndGlobalSection
	GlobalSection(ProjectConfigurationPlatforms) = postSolution
		{261EDB37-4911-D1F1-94A4-63B166A6E2FB}.Debug|Any CPU.ActiveCfg = Debug|Any CPU
		{261EDB37-4911-D1F1-94A4-63B166A6E2FB}.Debug|Any CPU.Build.0 = Debug|Any CPU
		{261EDB37-4911-D1F1-94A4-63B166A6E2FB}.Release|Any CPU.ActiveCfg = Release|Any CPU
		{261EDB37-4911-D1F1-94A4-63B166A6E2FB}.Release|Any CPU.Build.0 = Release|Any CPU
	EndGlobalSection
	GlobalSection(SolutionProperties) = preSolution
		HideSolutionNode = FALSE
	EndGlobalSection
	GlobalSection(ExtensibilityGlobals) = postSolution
		SolutionGuid = {F2B93A80-4E77-4EFC-B49D-D06C489AC197}
	EndGlobalSection
EndGlobal
